
Microsoft Visual Studio Solution File, Format Version 12.00
# Visual Studio Version 17
VisualStudioVersion = 17.0.31903.59
MinimumVisualStudioVersion = 10.0.40219.1
Project("{FAE04EC0-301F-11D3-BF4B-00C04F79EFBC}") = "core", "core\core.csproj", "{128E872B-F913-44AE-AE6C-F7837F110DF9}"
EndProject
Project("{FAE04EC0-301F-11D3-BF4B-00C04F79EFBC}") = "data", "data\data.csproj", "{3EA4CA25-738D-49B1-AF45-FC9EA5981FE4}"
EndProject
Project("{FAE04EC0-301F-11D3-BF4B-00C04F79EFBC}") = "web", "web\web.csproj", "{BEED9A05-D1BC-4B95-8796-7AB558C2B471}"
EndProject
Global
	GlobalSection(SolutionConfigurationPlatforms) = preSolution
		Debug|Any CPU = Debug|Any CPU
		Release|Any CPU = Release|Any CPU
	EndGlobalSection
	GlobalSection(SolutionProperties) = preSolution
		HideSolutionNode = FALSE
	EndGlobalSection
	GlobalSection(ProjectConfigurationPlatforms) = postSolution
		{128E872B-F913-44AE-AE6C-F7837F110DF9}.Debug|Any CPU.ActiveCfg = Debug|Any CPU
		{128E872B-F913-44AE-AE6C-F7837F110DF9}.Debug|Any CPU.Build.0 = Debug|Any CPU
		{128E872B-F913-44AE-AE6C-F7837F110DF9}.Release|Any CPU.ActiveCfg = Release|Any CPU
		{128E872B-F913-44AE-AE6C-F7837F110DF9}.Release|Any CPU.Build.0 = Release|Any CPU
		{3EA4CA25-738D-49B1-AF45-FC9EA5981FE4}.Debug|Any CPU.ActiveCfg = Debug|Any CPU
		{3EA4CA25-738D-49B1-AF45-FC9EA5981FE4}.Debug|Any CPU.Build.0 = Debug|Any CPU
		{3EA4CA25-738D-49B1-AF45-FC9EA5981FE4}.Release|Any CPU.ActiveCfg = Release|Any CPU
		{3EA4CA25-738D-49B1-AF45-FC9EA5981FE4}.Release|Any CPU.Build.0 = Release|Any CPU
		{BEED9A05-D1BC-4B95-8796-7AB558C2B471}.Debug|Any CPU.ActiveCfg = Debug|Any CPU
		{BEED9A05-D1BC-4B95-8796-7AB558C2B471}.Debug|Any CPU.Build.0 = Debug|Any CPU
		{BEED9A05-D1BC-4B95-8796-7AB558C2B471}.Release|Any CPU.ActiveCfg = Release|Any CPU
		{BEED9A05-D1BC-4B95-8796-7AB558C2B471}.Release|Any CPU.Build.0 = Release|Any CPU
	EndGlobalSection
EndGlobal
